
Microsoft Visual Studio Solution File, Format Version 12.00
# Visual Studio Version 16
VisualStudioVersion = 16.0.32929.386
MinimumVisualStudioVersion = 10.0.40219.1
Project("{9A19103F-16F7-4668-BE54-9A1E7A4F7556}") = "CSharpLearning", "CSharpLearning\CSharpLearning.csproj", "{6AD18D6A-4E32-4ED4-8C12-2D37F4BBA181}"
EndProject
Project("{9A19103F-16F7-4668-BE54-9A1E7A4F7556}") = "Kata1", "Module1\Katas\Kata1.csproj", "{966BD908-CE15-4D11-919B-EC8A3877AFDB}"
EndProject
Project("{2150E333-8FDC-42A3-9474-1A3956D46DE8}") = "Module1", "Module1", "{167B9433-68D2-4111-A220-CF4DA4E39297}"
EndProject
Project("{FAE04EC0-301F-11D3-BF4B-00C04F79EFBC}") = "Workshop2", "Module1\Workshop2\Workshop2.csproj", "{AAC89457-655C-4191-B34B-5A4868095BA2}"
EndProject
Project("{FAE04EC0-301F-11D3-BF4B-00C04F79EFBC}") = "Workshop1", "Module1\Workshop1\Workshop1.csproj", "{68D91E72-1DFA-4151-8C71-66F1F0A0D4C3}"
EndProject
Project("{2150E333-8FDC-42A3-9474-1A3956D46DE8}") = "Examples", "Examples", "{81D3B0E9-55A9-43E9-BC6E-E93819404253}"
EndProject
Project("{FAE04EC0-301F-11D3-BF4B-00C04F79EFBC}") = "AbstractAndInterface", "Examples\AbstractAndInterface\AbstractAndInterface.csproj", "{F6563542-7B0B-4A41-9E1F-B4F3B57E06C9}"
EndProject
Project("{FAE04EC0-301F-11D3-BF4B-00C04F79EFBC}") = "Enums", "Examples\Enums\Enums.csproj", "{DC6DD345-EA04-478A-A621-F20B8452E9C8}"
EndProject
Project("{FAE04EC0-301F-11D3-BF4B-00C04F79EFBC}") = "Inheritance", "Examples\Inheritance\Inheritance.csproj", "{0D4C5283-9DCF-4E67-8AC1-E6B5A866BA0A}"
EndProject
Project("{FAE04EC0-301F-11D3-BF4B-00C04F79EFBC}") = "ObjectLifetime", "Examples\ObjectLifetime\ObjectLifetime.csproj", "{CB9FBB78-9CCF-437C-B17C-9FB23215D65E}"
EndProject
Project("{FAE04EC0-301F-11D3-BF4B-00C04F79EFBC}") = "Polymorphism", "Examples\Polymorphism\Polymorphism.csproj", "{5279F2EA-857F-4B1E-AEFE-68E805452913}"
EndProject
Project("{FAE04EC0-301F-11D3-BF4B-00C04F79EFBC}") = "Structs", "Examples\Structs\Structs.csproj", "{78007491-0F00-4616-9062-C33B4824D172}"
EndProject
Project("{FAE04EC0-301F-11D3-BF4B-00C04F79EFBC}") = "Worksop3", "Module1\Worksop3\Worksop3.csproj", "{055B5B67-AD3B-423D-B4B5-953C6F0F7030}"
EndProject
Project("{2150E333-8FDC-42A3-9474-1A3956D46DE8}") = "SOLID", "SOLID", "{41F9B5B8-51DE-4658-A8E1-56FB4524880B}"
EndProject
Project("{FAE04EC0-301F-11D3-BF4B-00C04F79EFBC}") = "SOLIDprinciples", "Examples\SOLID\SOLIDprinciples\SOLIDprinciples.csproj", "{5BD3BE81-1C1B-4279-94B3-05D161D113A0}"
EndProject
Project("{2150E333-8FDC-42A3-9474-1A3956D46DE8}") = "OOP", "OOP", "{012EDA71-3F9B-4765-A507-1708E80F5E51}"
EndProject
Project("{FAE04EC0-301F-11D3-BF4B-00C04F79EFBC}") = "Event-Delegate", "Examples\Event-Delegate\Event-Delegate.csproj", "{0BEFB9F2-3FB3-4B85-953D-1FF151A1FA42}"
EndProject
Project("{FAE04EC0-301F-11D3-BF4B-00C04F79EFBC}") = "Generics", "Examples\Generics\Generics.csproj", "{3FE1DCE8-A480-4432-AE5B-873B2E4C383B}"
EndProject
Project("{FAE04EC0-301F-11D3-BF4B-00C04F79EFBC}") = "QueryingCollections", "Examples\QueryingCollections\QueryingCollections.csproj", "{D17D1275-2F7C-428B-839B-3D73978B741D}"
EndProject
Project("{FAE04EC0-301F-11D3-BF4B-00C04F79EFBC}") = "AsyncExamples", "Examples\AsyncExamples\AsyncExamples.csproj", "{E5DD63E7-821F-4BFD-B7BB-2C0AE9C50F86}"
EndProject
Global
	GlobalSection(SolutionConfigurationPlatforms) = preSolution
		Debug|Any CPU = Debug|Any CPU
		Release|Any CPU = Release|Any CPU
	EndGlobalSection
	GlobalSection(ProjectConfigurationPlatforms) = postSolution
		{6AD18D6A-4E32-4ED4-8C12-2D37F4BBA181}.Debug|Any CPU.ActiveCfg = Debug|Any CPU
		{6AD18D6A-4E32-4ED4-8C12-2D37F4BBA181}.Debug|Any CPU.Build.0 = Debug|Any CPU
		{6AD18D6A-4E32-4ED4-8C12-2D37F4BBA181}.Release|Any CPU.ActiveCfg = Release|Any CPU
		{6AD18D6A-4E32-4ED4-8C12-2D37F4BBA181}.Release|Any CPU.Build.0 = Release|Any CPU
		{966BD908-CE15-4D11-919B-EC8A3877AFDB}.Debug|Any CPU.ActiveCfg = Debug|Any CPU
		{966BD908-CE15-4D11-919B-EC8A3877AFDB}.Debug|Any CPU.Build.0 = Debug|Any CPU
		{966BD908-CE15-4D11-919B-EC8A3877AFDB}.Release|Any CPU.ActiveCfg = Release|Any CPU
		{966BD908-CE15-4D11-919B-EC8A3877AFDB}.Release|Any CPU.Build.0 = Release|Any CPU
		{AAC89457-655C-4191-B34B-5A4868095BA2}.Debug|Any CPU.ActiveCfg = Debug|Any CPU
		{AAC89457-655C-4191-B34B-5A4868095BA2}.Debug|Any CPU.Build.0 = Debug|Any CPU
		{AAC89457-655C-4191-B34B-5A4868095BA2}.Release|Any CPU.ActiveCfg = Release|Any CPU
		{AAC89457-655C-4191-B34B-5A4868095BA2}.Release|Any CPU.Build.0 = Release|Any CPU
		{68D91E72-1DFA-4151-8C71-66F1F0A0D4C3}.Debug|Any CPU.ActiveCfg = Debug|Any CPU
		{68D91E72-1DFA-4151-8C71-66F1F0A0D4C3}.Debug|Any CPU.Build.0 = Debug|Any CPU
		{68D91E72-1DFA-4151-8C71-66F1F0A0D4C3}.Release|Any CPU.ActiveCfg = Release|Any CPU
		{68D91E72-1DFA-4151-8C71-66F1F0A0D4C3}.Release|Any CPU.Build.0 = Release|Any CPU
		{F6563542-7B0B-4A41-9E1F-B4F3B57E06C9}.Debug|Any CPU.ActiveCfg = Debug|Any CPU
		{F6563542-7B0B-4A41-9E1F-B4F3B57E06C9}.Debug|Any CPU.Build.0 = Debug|Any CPU
		{F6563542-7B0B-4A41-9E1F-B4F3B57E06C9}.Release|Any CPU.ActiveCfg = Release|Any CPU
		{F6563542-7B0B-4A41-9E1F-B4F3B57E06C9}.Release|Any CPU.Build.0 = Release|Any CPU
		{DC6DD345-EA04-478A-A621-F20B8452E9C8}.Debug|Any CPU.ActiveCfg = Debug|Any CPU
		{DC6DD345-EA04-478A-A621-F20B8452E9C8}.Debug|Any CPU.Build.0 = Debug|Any CPU
		{DC6DD345-EA04-478A-A621-F20B8452E9C8}.Release|Any CPU.ActiveCfg = Release|Any CPU
		{DC6DD345-EA04-478A-A621-F20B8452E9C8}.Release|Any CPU.Build.0 = Release|Any CPU
		{0D4C5283-9DCF-4E67-8AC1-E6B5A866BA0A}.Debug|Any CPU.ActiveCfg = Debug|Any CPU
		{0D4C5283-9DCF-4E67-8AC1-E6B5A866BA0A}.Debug|Any CPU.Build.0 = Debug|Any CPU
		{0D4C5283-9DCF-4E67-8AC1-E6B5A866BA0A}.Release|Any CPU.ActiveCfg = Release|Any CPU
		{0D4C5283-9DCF-4E67-8AC1-E6B5A866BA0A}.Release|Any CPU.Build.0 = Release|Any CPU
		{CB9FBB78-9CCF-437C-B17C-9FB23215D65E}.Debug|Any CPU.ActiveCfg = Debug|Any CPU
		{CB9FBB78-9CCF-437C-B17C-9FB23215D65E}.Debug|Any CPU.Build.0 = Debug|Any CPU
		{CB9FBB78-9CCF-437C-B17C-9FB23215D65E}.Release|Any CPU.ActiveCfg = Release|Any CPU
		{CB9FBB78-9CCF-437C-B17C-9FB23215D65E}.Release|Any CPU.Build.0 = Release|Any CPU
		{5279F2EA-857F-4B1E-AEFE-68E805452913}.Debug|Any CPU.ActiveCfg = Debug|Any CPU
		{5279F2EA-857F-4B1E-AEFE-68E805452913}.Debug|Any CPU.Build.0 = Debug|Any CPU
		{5279F2EA-857F-4B1E-AEFE-68E805452913}.Release|Any CPU.ActiveCfg = Release|Any CPU
		{5279F2EA-857F-4B1E-AEFE-68E805452913}.Release|Any CPU.Build.0 = Release|Any CPU
		{78007491-0F00-4616-9062-C33B4824D172}.Debug|Any CPU.ActiveCfg = Debug|Any CPU
		{78007491-0F00-4616-9062-C33B4824D172}.Debug|Any CPU.Build.0 = Debug|Any CPU
		{78007491-0F00-4616-9062-C33B4824D172}.Release|Any CPU.ActiveCfg = Release|Any CPU
		{78007491-0F00-4616-9062-C33B4824D172}.Release|Any CPU.Build.0 = Release|Any CPU
		{055B5B67-AD3B-423D-B4B5-953C6F0F7030}.Debug|Any CPU.ActiveCfg = Debug|Any CPU
		{055B5B67-AD3B-423D-B4B5-953C6F0F7030}.Debug|Any CPU.Build.0 = Debug|Any CPU
		{055B5B67-AD3B-423D-B4B5-953C6F0F7030}.Release|Any CPU.ActiveCfg = Release|Any CPU
		{055B5B67-AD3B-423D-B4B5-953C6F0F7030}.Release|Any CPU.Build.0 = Release|Any CPU
		{5BD3BE81-1C1B-4279-94B3-05D161D113A0}.Debug|Any CPU.ActiveCfg = Debug|Any CPU
		{5BD3BE81-1C1B-4279-94B3-05D161D113A0}.Debug|Any CPU.Build.0 = Debug|Any CPU
		{5BD3BE81-1C1B-4279-94B3-05D161D113A0}.Release|Any CPU.ActiveCfg = Release|Any CPU
		{5BD3BE81-1C1B-4279-94B3-05D161D113A0}.Release|Any CPU.Build.0 = Release|Any CPU
		{0BEFB9F2-3FB3-4B85-953D-1FF151A1FA42}.Debug|Any CPU.ActiveCfg = Debug|Any CPU
		{0BEFB9F2-3FB3-4B85-953D-1FF151A1FA42}.Debug|Any CPU.Build.0 = Debug|Any CPU
		{0BEFB9F2-3FB3-4B85-953D-1FF151A1FA42}.Release|Any CPU.ActiveCfg = Release|Any CPU
		{0BEFB9F2-3FB3-4B85-953D-1FF151A1FA42}.Release|Any CPU.Build.0 = Release|Any CPU
		{3FE1DCE8-A480-4432-AE5B-873B2E4C383B}.Debug|Any CPU.ActiveCfg = Debug|Any CPU
		{3FE1DCE8-A480-4432-AE5B-873B2E4C383B}.Debug|Any CPU.Build.0 = Debug|Any CPU
		{3FE1DCE8-A480-4432-AE5B-873B2E4C383B}.Release|Any CPU.ActiveCfg = Release|Any CPU
		{3FE1DCE8-A480-4432-AE5B-873B2E4C383B}.Release|Any CPU.Build.0 = Release|Any CPU
		{D17D1275-2F7C-428B-839B-3D73978B741D}.Debug|Any CPU.ActiveCfg = Debug|Any CPU
		{D17D1275-2F7C-428B-839B-3D73978B741D}.Debug|Any CPU.Build.0 = Debug|Any CPU
		{D17D1275-2F7C-428B-839B-3D73978B741D}.Release|Any CPU.ActiveCfg = Release|Any CPU
		{D17D1275-2F7C-428B-839B-3D73978B741D}.Release|Any CPU.Build.0 = Release|Any CPU
		{E5DD63E7-821F-4BFD-B7BB-2C0AE9C50F86}.Debug|Any CPU.ActiveCfg = Debug|Any CPU
		{E5DD63E7-821F-4BFD-B7BB-2C0AE9C50F86}.Debug|Any CPU.Build.0 = Debug|Any CPU
		{E5DD63E7-821F-4BFD-B7BB-2C0AE9C50F86}.Release|Any CPU.ActiveCfg = Release|Any CPU
		{E5DD63E7-821F-4BFD-B7BB-2C0AE9C50F86}.Release|Any CPU.Build.0 = Release|Any CPU
	EndGlobalSection
	GlobalSection(SolutionProperties) = preSolution
		HideSolutionNode = FALSE
	EndGlobalSection
	GlobalSection(NestedProjects) = preSolution
		{966BD908-CE15-4D11-919B-EC8A3877AFDB} = {167B9433-68D2-4111-A220-CF4DA4E39297}
		{AAC89457-655C-4191-B34B-5A4868095BA2} = {167B9433-68D2-4111-A220-CF4DA4E39297}
		{68D91E72-1DFA-4151-8C71-66F1F0A0D4C3} = {167B9433-68D2-4111-A220-CF4DA4E39297}
		{055B5B67-AD3B-423D-B4B5-953C6F0F7030} = {167B9433-68D2-4111-A220-CF4DA4E39297}
		{41F9B5B8-51DE-4658-A8E1-56FB4524880B} = {81D3B0E9-55A9-43E9-BC6E-E93819404253}
		{5BD3BE81-1C1B-4279-94B3-05D161D113A0} = {41F9B5B8-51DE-4658-A8E1-56FB4524880B}
		{012EDA71-3F9B-4765-A507-1708E80F5E51} = {81D3B0E9-55A9-43E9-BC6E-E93819404253}
		{F6563542-7B0B-4A41-9E1F-B4F3B57E06C9} = {012EDA71-3F9B-4765-A507-1708E80F5E51}
		{DC6DD345-EA04-478A-A621-F20B8452E9C8} = {012EDA71-3F9B-4765-A507-1708E80F5E51}
		{0D4C5283-9DCF-4E67-8AC1-E6B5A866BA0A} = {012EDA71-3F9B-4765-A507-1708E80F5E51}
		{CB9FBB78-9CCF-437C-B17C-9FB23215D65E} = {012EDA71-3F9B-4765-A507-1708E80F5E51}
		{5279F2EA-857F-4B1E-AEFE-68E805452913} = {012EDA71-3F9B-4765-A507-1708E80F5E51}
		{78007491-0F00-4616-9062-C33B4824D172} = {012EDA71-3F9B-4765-A507-1708E80F5E51}
		{3FE1DCE8-A480-4432-AE5B-873B2E4C383B} = {81D3B0E9-55A9-43E9-BC6E-E93819404253}
		{0BEFB9F2-3FB3-4B85-953D-1FF151A1FA42} = {81D3B0E9-55A9-43E9-BC6E-E93819404253}
		{D17D1275-2F7C-428B-839B-3D73978B741D} = {81D3B0E9-55A9-43E9-BC6E-E93819404253}
		{E5DD63E7-821F-4BFD-B7BB-2C0AE9C50F86} = {81D3B0E9-55A9-43E9-BC6E-E93819404253}
	EndGlobalSection
	GlobalSection(ExtensibilityGlobals) = postSolution
		SolutionGuid = {D86E42D0-232E-4260-B337-9C749B8007D4}
	EndGlobalSection
EndGlobal
