
Microsoft Visual Studio Solution File, Format Version 12.00
# Visual Studio Version 16
VisualStudioVersion = 16.0.32929.386
MinimumVisualStudioVersion = 10.0.40219.1
Project("{9A19103F-16F7-4668-BE54-9A1E7A4F7556}") = "CSharpLearning", "CSharpLearning\CSharpLearning.csproj", "{6AD18D6A-4E32-4ED4-8C12-2D37F4BBA181}"
EndProject
Project("{2150E333-8FDC-42A3-9474-1A3956D46DE8}") = "Exercises", "Exercises", "{167B9433-68D2-4111-A220-CF4DA4E39297}"
EndProject
Project("{2150E333-8FDC-42A3-9474-1A3956D46DE8}") = "Examples", "Examples", "{81D3B0E9-55A9-43E9-BC6E-E93819404253}"
EndProject
Project("{9A19103F-16F7-4668-BE54-9A1E7A4F7556}") = "AbstractAndInterface", "Examples\AbstractAndInterface\AbstractAndInterface.csproj", "{F6563542-7B0B-4A41-9E1F-B4F3B57E06C9}"
EndProject
Project("{9A19103F-16F7-4668-BE54-9A1E7A4F7556}") = "Enums", "Examples\Enums\Enums.csproj", "{DC6DD345-EA04-478A-A621-F20B8452E9C8}"
EndProject
Project("{9A19103F-16F7-4668-BE54-9A1E7A4F7556}") = "Inheritance", "Examples\Inheritance\Inheritance.csproj", "{0D4C5283-9DCF-4E67-8AC1-E6B5A866BA0A}"
EndProject
Project("{9A19103F-16F7-4668-BE54-9A1E7A4F7556}") = "ObjectLifetime", "Examples\ObjectLifetime\ObjectLifetime.csproj", "{CB9FBB78-9CCF-437C-B17C-9FB23215D65E}"
EndProject
Project("{9A19103F-16F7-4668-BE54-9A1E7A4F7556}") = "Polymorphism", "Examples\Polymorphism\Polymorphism.csproj", "{5279F2EA-857F-4B1E-AEFE-68E805452913}"
EndProject
Project("{9A19103F-16F7-4668-BE54-9A1E7A4F7556}") = "Structs", "Examples\Structs\Structs.csproj", "{78007491-0F00-4616-9062-C33B4824D172}"
EndProject
Project("{2150E333-8FDC-42A3-9474-1A3956D46DE8}") = "SOLID", "SOLID", "{41F9B5B8-51DE-4658-A8E1-56FB4524880B}"
EndProject
Project("{9A19103F-16F7-4668-BE54-9A1E7A4F7556}") = "SOLIDprinciples", "Examples\SOLID\SOLIDprinciples\SOLIDprinciples.csproj", "{5BD3BE81-1C1B-4279-94B3-05D161D113A0}"
EndProject
Project("{2150E333-8FDC-42A3-9474-1A3956D46DE8}") = "OOP", "OOP", "{012EDA71-3F9B-4765-A507-1708E80F5E51}"
EndProject
Project("{9A19103F-16F7-4668-BE54-9A1E7A4F7556}") = "Event-Delegate", "Examples\Event-Delegate\Event-Delegate.csproj", "{0BEFB9F2-3FB3-4B85-953D-1FF151A1FA42}"
EndProject
Project("{9A19103F-16F7-4668-BE54-9A1E7A4F7556}") = "Generics", "Examples\Generics\Generics.csproj", "{3FE1DCE8-A480-4432-AE5B-873B2E4C383B}"
EndProject
Project("{9A19103F-16F7-4668-BE54-9A1E7A4F7556}") = "QueryingCollections", "Examples\QueryingCollections\QueryingCollections.csproj", "{D17D1275-2F7C-428B-839B-3D73978B741D}"
EndProject
Project("{9A19103F-16F7-4668-BE54-9A1E7A4F7556}") = "AsyncExamples", "Examples\AsyncExamples\AsyncExamples.csproj", "{E5DD63E7-821F-4BFD-B7BB-2C0AE9C50F86}"
EndProject
Project("{9A19103F-16F7-4668-BE54-9A1E7A4F7556}") = "Kata1", "Exercises\Katas\Kata1.csproj", "{FB08A101-90BE-45D9-BD45-5A19053DF5DD}"
EndProject
Project("{9A19103F-16F7-4668-BE54-9A1E7A4F7556}") = "Workshop1", "Exercises\Workshop1\Workshop1.csproj", "{D7846238-DB45-403C-BD08-26C21577DA90}"
EndProject
Project("{9A19103F-16F7-4668-BE54-9A1E7A4F7556}") = "Workshop2", "Exercises\Workshop2\Workshop2.csproj", "{166807AE-3CE6-4034-9EB0-649730FC086C}"
EndProject
Project("{9A19103F-16F7-4668-BE54-9A1E7A4F7556}") = "Workshop3", "Exercises\Workshop3\Workshop3.csproj", "{004ADBB7-C83F-4A52-9FB1-BC6E5DB7FB6C}"
EndProject
Project("{9A19103F-16F7-4668-BE54-9A1E7A4F7556}") = "LINQExercises", "Exercises\LINQExercises\LINQExercises.csproj", "{BBBD2F55-8FF7-4F6E-A213-BC545A5F8154}"
EndProject
Project("{9A19103F-16F7-4668-BE54-9A1E7A4F7556}") = "WorkshopVary", "WorkshopVary\WorkshopVary.csproj", "{5B17910B-E857-440E-B1D2-5A52FBE5938F}"
EndProject
Project("{FAE04EC0-301F-11D3-BF4B-00C04F79EFBC}") = "WorkshopVryDeepTest", "WorkshopVryDeepTest\WorkshopVryDeepTest.csproj", "{7156F94E-577A-45D7-AB98-D4326D61C252}"
EndProject
Global
	GlobalSection(SolutionConfigurationPlatforms) = preSolution
		Debug|Any CPU = Debug|Any CPU
		Release|Any CPU = Release|Any CPU
	EndGlobalSection
	GlobalSection(ProjectConfigurationPlatforms) = postSolution
		{6AD18D6A-4E32-4ED4-8C12-2D37F4BBA181}.Debug|Any CPU.ActiveCfg = Debug|Any CPU
		{6AD18D6A-4E32-4ED4-8C12-2D37F4BBA181}.Debug|Any CPU.Build.0 = Debug|Any CPU
		{6AD18D6A-4E32-4ED4-8C12-2D37F4BBA181}.Release|Any CPU.ActiveCfg = Release|Any CPU
		{6AD18D6A-4E32-4ED4-8C12-2D37F4BBA181}.Release|Any CPU.Build.0 = Release|Any CPU
		{F6563542-7B0B-4A41-9E1F-B4F3B57E06C9}.Debug|Any CPU.ActiveCfg = Debug|Any CPU
		{F6563542-7B0B-4A41-9E1F-B4F3B57E06C9}.Debug|Any CPU.Build.0 = Debug|Any CPU
		{F6563542-7B0B-4A41-9E1F-B4F3B57E06C9}.Release|Any CPU.ActiveCfg = Release|Any CPU
		{F6563542-7B0B-4A41-9E1F-B4F3B57E06C9}.Release|Any CPU.Build.0 = Release|Any CPU
		{DC6DD345-EA04-478A-A621-F20B8452E9C8}.Debug|Any CPU.ActiveCfg = Debug|Any CPU
		{DC6DD345-EA04-478A-A621-F20B8452E9C8}.Debug|Any CPU.Build.0 = Debug|Any CPU
		{DC6DD345-EA04-478A-A621-F20B8452E9C8}.Release|Any CPU.ActiveCfg = Release|Any CPU
		{DC6DD345-EA04-478A-A621-F20B8452E9C8}.Release|Any CPU.Build.0 = Release|Any CPU
		{0D4C5283-9DCF-4E67-8AC1-E6B5A866BA0A}.Debug|Any CPU.ActiveCfg = Debug|Any CPU
		{0D4C5283-9DCF-4E67-8AC1-E6B5A866BA0A}.Debug|Any CPU.Build.0 = Debug|Any CPU
		{0D4C5283-9DCF-4E67-8AC1-E6B5A866BA0A}.Release|Any CPU.ActiveCfg = Release|Any CPU
		{0D4C5283-9DCF-4E67-8AC1-E6B5A866BA0A}.Release|Any CPU.Build.0 = Release|Any CPU
		{CB9FBB78-9CCF-437C-B17C-9FB23215D65E}.Debug|Any CPU.ActiveCfg = Debug|Any CPU
		{CB9FBB78-9CCF-437C-B17C-9FB23215D65E}.Debug|Any CPU.Build.0 = Debug|Any CPU
		{CB9FBB78-9CCF-437C-B17C-9FB23215D65E}.Release|Any CPU.ActiveCfg = Release|Any CPU
		{CB9FBB78-9CCF-437C-B17C-9FB23215D65E}.Release|Any CPU.Build.0 = Release|Any CPU
		{5279F2EA-857F-4B1E-AEFE-68E805452913}.Debug|Any CPU.ActiveCfg = Debug|Any CPU
		{5279F2EA-857F-4B1E-AEFE-68E805452913}.Debug|Any CPU.Build.0 = Debug|Any CPU
		{5279F2EA-857F-4B1E-AEFE-68E805452913}.Release|Any CPU.ActiveCfg = Release|Any CPU
		{5279F2EA-857F-4B1E-AEFE-68E805452913}.Release|Any CPU.Build.0 = Release|Any CPU
		{78007491-0F00-4616-9062-C33B4824D172}.Debug|Any CPU.ActiveCfg = Debug|Any CPU
		{78007491-0F00-4616-9062-C33B4824D172}.Debug|Any CPU.Build.0 = Debug|Any CPU
		{78007491-0F00-4616-9062-C33B4824D172}.Release|Any CPU.ActiveCfg = Release|Any CPU
		{78007491-0F00-4616-9062-C33B4824D172}.Release|Any CPU.Build.0 = Release|Any CPU
		{5BD3BE81-1C1B-4279-94B3-05D161D113A0}.Debug|Any CPU.ActiveCfg = Debug|Any CPU
		{5BD3BE81-1C1B-4279-94B3-05D161D113A0}.Debug|Any CPU.Build.0 = Debug|Any CPU
		{5BD3BE81-1C1B-4279-94B3-05D161D113A0}.Release|Any CPU.ActiveCfg = Release|Any CPU
		{5BD3BE81-1C1B-4279-94B3-05D161D113A0}.Release|Any CPU.Build.0 = Release|Any CPU
		{0BEFB9F2-3FB3-4B85-953D-1FF151A1FA42}.Debug|Any CPU.ActiveCfg = Debug|Any CPU
		{0BEFB9F2-3FB3-4B85-953D-1FF151A1FA42}.Debug|Any CPU.Build.0 = Debug|Any CPU
		{0BEFB9F2-3FB3-4B85-953D-1FF151A1FA42}.Release|Any CPU.ActiveCfg = Release|Any CPU
		{0BEFB9F2-3FB3-4B85-953D-1FF151A1FA42}.Release|Any CPU.Build.0 = Release|Any CPU
		{3FE1DCE8-A480-4432-AE5B-873B2E4C383B}.Debug|Any CPU.ActiveCfg = Debug|Any CPU
		{3FE1DCE8-A480-4432-AE5B-873B2E4C383B}.Debug|Any CPU.Build.0 = Debug|Any CPU
		{3FE1DCE8-A480-4432-AE5B-873B2E4C383B}.Release|Any CPU.ActiveCfg = Release|Any CPU
		{3FE1DCE8-A480-4432-AE5B-873B2E4C383B}.Release|Any CPU.Build.0 = Release|Any CPU
		{D17D1275-2F7C-428B-839B-3D73978B741D}.Debug|Any CPU.ActiveCfg = Debug|Any CPU
		{D17D1275-2F7C-428B-839B-3D73978B741D}.Debug|Any CPU.Build.0 = Debug|Any CPU
		{D17D1275-2F7C-428B-839B-3D73978B741D}.Release|Any CPU.ActiveCfg = Release|Any CPU
		{D17D1275-2F7C-428B-839B-3D73978B741D}.Release|Any CPU.Build.0 = Release|Any CPU
		{E5DD63E7-821F-4BFD-B7BB-2C0AE9C50F86}.Debug|Any CPU.ActiveCfg = Debug|Any CPU
		{E5DD63E7-821F-4BFD-B7BB-2C0AE9C50F86}.Debug|Any CPU.Build.0 = Debug|Any CPU
		{E5DD63E7-821F-4BFD-B7BB-2C0AE9C50F86}.Release|Any CPU.ActiveCfg = Release|Any CPU
		{E5DD63E7-821F-4BFD-B7BB-2C0AE9C50F86}.Release|Any CPU.Build.0 = Release|Any CPU
		{FB08A101-90BE-45D9-BD45-5A19053DF5DD}.Debug|Any CPU.ActiveCfg = Debug|Any CPU
		{FB08A101-90BE-45D9-BD45-5A19053DF5DD}.Debug|Any CPU.Build.0 = Debug|Any CPU
		{FB08A101-90BE-45D9-BD45-5A19053DF5DD}.Release|Any CPU.ActiveCfg = Release|Any CPU
		{FB08A101-90BE-45D9-BD45-5A19053DF5DD}.Release|Any CPU.Build.0 = Release|Any CPU
		{D7846238-DB45-403C-BD08-26C21577DA90}.Debug|Any CPU.ActiveCfg = Debug|Any CPU
		{D7846238-DB45-403C-BD08-26C21577DA90}.Debug|Any CPU.Build.0 = Debug|Any CPU
		{D7846238-DB45-403C-BD08-26C21577DA90}.Release|Any CPU.ActiveCfg = Release|Any CPU
		{D7846238-DB45-403C-BD08-26C21577DA90}.Release|Any CPU.Build.0 = Release|Any CPU
		{166807AE-3CE6-4034-9EB0-649730FC086C}.Debug|Any CPU.ActiveCfg = Debug|Any CPU
		{166807AE-3CE6-4034-9EB0-649730FC086C}.Debug|Any CPU.Build.0 = Debug|Any CPU
		{166807AE-3CE6-4034-9EB0-649730FC086C}.Release|Any CPU.ActiveCfg = Release|Any CPU
		{166807AE-3CE6-4034-9EB0-649730FC086C}.Release|Any CPU.Build.0 = Release|Any CPU
		{004ADBB7-C83F-4A52-9FB1-BC6E5DB7FB6C}.Debug|Any CPU.ActiveCfg = Debug|Any CPU
		{004ADBB7-C83F-4A52-9FB1-BC6E5DB7FB6C}.Debug|Any CPU.Build.0 = Debug|Any CPU
		{004ADBB7-C83F-4A52-9FB1-BC6E5DB7FB6C}.Release|Any CPU.ActiveCfg = Release|Any CPU
		{004ADBB7-C83F-4A52-9FB1-BC6E5DB7FB6C}.Release|Any CPU.Build.0 = Release|Any CPU
		{BBBD2F55-8FF7-4F6E-A213-BC545A5F8154}.Debug|Any CPU.ActiveCfg = Debug|Any CPU
		{BBBD2F55-8FF7-4F6E-A213-BC545A5F8154}.Debug|Any CPU.Build.0 = Debug|Any CPU
		{BBBD2F55-8FF7-4F6E-A213-BC545A5F8154}.Release|Any CPU.ActiveCfg = Release|Any CPU
		{BBBD2F55-8FF7-4F6E-A213-BC545A5F8154}.Release|Any CPU.Build.0 = Release|Any CPU
		{5B17910B-E857-440E-B1D2-5A52FBE5938F}.Debug|Any CPU.ActiveCfg = Debug|Any CPU
		{5B17910B-E857-440E-B1D2-5A52FBE5938F}.Debug|Any CPU.Build.0 = Debug|Any CPU
		{5B17910B-E857-440E-B1D2-5A52FBE5938F}.Release|Any CPU.ActiveCfg = Release|Any CPU
		{5B17910B-E857-440E-B1D2-5A52FBE5938F}.Release|Any CPU.Build.0 = Release|Any CPU
		{7156F94E-577A-45D7-AB98-D4326D61C252}.Debug|Any CPU.ActiveCfg = Debug|Any CPU
		{7156F94E-577A-45D7-AB98-D4326D61C252}.Debug|Any CPU.Build.0 = Debug|Any CPU
		{7156F94E-577A-45D7-AB98-D4326D61C252}.Release|Any CPU.ActiveCfg = Release|Any CPU
		{7156F94E-577A-45D7-AB98-D4326D61C252}.Release|Any CPU.Build.0 = Release|Any CPU
	EndGlobalSection
	GlobalSection(SolutionProperties) = preSolution
		HideSolutionNode = FALSE
	EndGlobalSection
	GlobalSection(NestedProjects) = preSolution
		{F6563542-7B0B-4A41-9E1F-B4F3B57E06C9} = {012EDA71-3F9B-4765-A507-1708E80F5E51}
		{DC6DD345-EA04-478A-A621-F20B8452E9C8} = {012EDA71-3F9B-4765-A507-1708E80F5E51}
		{0D4C5283-9DCF-4E67-8AC1-E6B5A866BA0A} = {012EDA71-3F9B-4765-A507-1708E80F5E51}
		{CB9FBB78-9CCF-437C-B17C-9FB23215D65E} = {012EDA71-3F9B-4765-A507-1708E80F5E51}
		{5279F2EA-857F-4B1E-AEFE-68E805452913} = {012EDA71-3F9B-4765-A507-1708E80F5E51}
		{78007491-0F00-4616-9062-C33B4824D172} = {012EDA71-3F9B-4765-A507-1708E80F5E51}
		{41F9B5B8-51DE-4658-A8E1-56FB4524880B} = {81D3B0E9-55A9-43E9-BC6E-E93819404253}
		{5BD3BE81-1C1B-4279-94B3-05D161D113A0} = {41F9B5B8-51DE-4658-A8E1-56FB4524880B}
		{012EDA71-3F9B-4765-A507-1708E80F5E51} = {81D3B0E9-55A9-43E9-BC6E-E93819404253}
		{0BEFB9F2-3FB3-4B85-953D-1FF151A1FA42} = {81D3B0E9-55A9-43E9-BC6E-E93819404253}
		{3FE1DCE8-A480-4432-AE5B-873B2E4C383B} = {81D3B0E9-55A9-43E9-BC6E-E93819404253}
		{D17D1275-2F7C-428B-839B-3D73978B741D} = {81D3B0E9-55A9-43E9-BC6E-E93819404253}
		{E5DD63E7-821F-4BFD-B7BB-2C0AE9C50F86} = {81D3B0E9-55A9-43E9-BC6E-E93819404253}
		{FB08A101-90BE-45D9-BD45-5A19053DF5DD} = {167B9433-68D2-4111-A220-CF4DA4E39297}
		{D7846238-DB45-403C-BD08-26C21577DA90} = {167B9433-68D2-4111-A220-CF4DA4E39297}
		{166807AE-3CE6-4034-9EB0-649730FC086C} = {167B9433-68D2-4111-A220-CF4DA4E39297}
		{004ADBB7-C83F-4A52-9FB1-BC6E5DB7FB6C} = {167B9433-68D2-4111-A220-CF4DA4E39297}
		{BBBD2F55-8FF7-4F6E-A213-BC545A5F8154} = {167B9433-68D2-4111-A220-CF4DA4E39297}
		{5B17910B-E857-440E-B1D2-5A52FBE5938F} = {167B9433-68D2-4111-A220-CF4DA4E39297}
	EndGlobalSection
	GlobalSection(ExtensibilityGlobals) = postSolution
		SolutionGuid = {D86E42D0-232E-4260-B337-9C749B8007D4}
	EndGlobalSection
EndGlobal
